
Microsoft Visual Studio Solution File, Format Version 12.00
# Visual Studio 15
VisualStudioVersion = 15.0.28010.2019
MinimumVisualStudioVersion = 10.0.40219.1
Project("{FAE04EC0-301F-11D3-BF4B-00C04F79EFBC}") = "OOP_08", "OOP_08\OOP_08.csproj", "{348A4696-0ECF-47AB-A7A3-76D484BFDBFC}"
EndProject
Global
	GlobalSection(SolutionConfigurationPlatforms) = preSolution
		Debug|Any CPU = Debug|Any CPU
		Release|Any CPU = Release|Any CPU
	EndGlobalSection
	GlobalSection(ProjectConfigurationPlatforms) = postSolution
		{348A4696-0ECF-47AB-A7A3-76D484BFDBFC}.Debug|Any CPU.ActiveCfg = Debug|Any CPU
		{348A4696-0ECF-47AB-A7A3-76D484BFDBFC}.Debug|Any CPU.Build.0 = Debug|Any CPU
		{348A4696-0ECF-47AB-A7A3-76D484BFDBFC}.Release|Any CPU.ActiveCfg = Release|Any CPU
		{348A4696-0ECF-47AB-A7A3-76D484BFDBFC}.Release|Any CPU.Build.0 = Release|Any CPU
	EndGlobalSection
	GlobalSection(SolutionProperties) = preSolution
		HideSolutionNode = FALSE
	EndGlobalSection
	GlobalSection(ExtensibilityGlobals) = postSolution
		SolutionGuid = {B919A5FC-C97A-4C92-B89D-CFE33221188B}
	EndGlobalSection
EndGlobal
